
Microsoft Visual Studio Solution File, Format Version 12.00
# Visual Studio Version 16
VisualStudioVersion = 16.0.28922.388
MinimumVisualStudioVersion = 10.0.40219.1
Project("{FAE04EC0-301F-11D3-BF4B-00C04F79EFBC}") = "SecNet-2", "SecNet-2.csproj", "{AA51499B-D8F1-418A-A62F-591199986D95}"
EndProject
Global
	GlobalSection(SolutionConfigurationPlatforms) = preSolution
		Debug|Any CPU = Debug|Any CPU
		Release|Any CPU = Release|Any CPU
	EndGlobalSection
	GlobalSection(ProjectConfigurationPlatforms) = postSolution
		{AA51499B-D8F1-418A-A62F-591199986D95}.Debug|Any CPU.ActiveCfg = Debug|Any CPU
		{AA51499B-D8F1-418A-A62F-591199986D95}.Debug|Any CPU.Build.0 = Debug|Any CPU
		{AA51499B-D8F1-418A-A62F-591199986D95}.Release|Any CPU.ActiveCfg = Release|Any CPU
		{AA51499B-D8F1-418A-A62F-591199986D95}.Release|Any CPU.Build.0 = Release|Any CPU
	EndGlobalSection
	GlobalSection(SolutionProperties) = preSolution
		HideSolutionNode = FALSE
	EndGlobalSection
	GlobalSection(ExtensibilityGlobals) = postSolution
		SolutionGuid = {576BBE11-8BA8-4F47-857A-8A9D8E0FD909}
	EndGlobalSection
EndGlobal
